
Microsoft Visual Studio Solution File, Format Version 12.00
# Visual Studio 2015
Project("{FAE04EC0-301F-11D3-BF4B-00C04F79EFBC}") = "The-Valley-Of-The-Fireflies", "The-Valley-Of-The-Fireflies.csproj", "{1F80B66A-9BE2-DEF9-E5CE-F7F75494B41F}"
EndProject
Global
	GlobalSection(SolutionConfigurationPlatforms) = preSolution
		Debug|Any CPU = Debug|Any CPU
		Release|Any CPU = Release|Any CPU
	EndGlobalSection
	GlobalSection(ProjectConfigurationPlatforms) = postSolution
		{1F80B66A-9BE2-DEF9-E5CE-F7F75494B41F}.Debug|Any CPU.ActiveCfg = Debug|Any CPU
		{1F80B66A-9BE2-DEF9-E5CE-F7F75494B41F}.Debug|Any CPU.Build.0 = Debug|Any CPU
		{1F80B66A-9BE2-DEF9-E5CE-F7F75494B41F}.Release|Any CPU.ActiveCfg = Release|Any CPU
		{1F80B66A-9BE2-DEF9-E5CE-F7F75494B41F}.Release|Any CPU.Build.0 = Release|Any CPU
	EndGlobalSection
	GlobalSection(SolutionProperties) = preSolution
		HideSolutionNode = FALSE
	EndGlobalSection
EndGlobal
